
Microsoft Visual Studio Solution File, Format Version 11.00
# Visual Studio 2010
Project("{FAE04EC0-301F-11D3-BF4B-00C04F79EFBC}") = "SnesEmulator", "SnesEmulator.csproj", "{E566C5A0-6D70-4CEA-B2E7-967D4EB2F1AB}"
EndProject
Project("{FAE04EC0-301F-11D3-BF4B-00C04F79EFBC}") = "SnesEmulator.Renderer", "SnesEmulator.Renderer\SnesEmulator.Renderer.csproj", "{D769B293-D410-429F-9458-47DAE3325732}"
EndProject
Project("{FAE04EC0-301F-11D3-BF4B-00C04F79EFBC}") = "SnesEmulator.RomReader", "SnesEmulator.RomReader\SnesEmulator.RomReader.csproj", "{1EF880CE-8E81-4283-B3C1-3D13E73B88D8}"
EndProject
Project("{FAE04EC0-301F-11D3-BF4B-00C04F79EFBC}") = "SnesEmulator.Hardware", "SnesEmulator.Hardware\SnesEmulator.Hardware.csproj", "{CE8B5E3B-DED3-4A13-9D1E-3E4176514CE9}"
EndProject
Project("{FAE04EC0-301F-11D3-BF4B-00C04F79EFBC}") = "SnesEmulator.Tests", "SnesEmulator.Tests\SnesEmulator.Tests.csproj", "{454F2E7C-D50A-45FF-8127-55A3DFC1D6EB}"
EndProject
Project("{2150E333-8FDC-42A3-9474-1A3956D46DE8}") = "Solution Items", "Solution Items", "{B19A0368-30F2-47DD-A73A-1D458B75BCA1}"
	ProjectSection(SolutionItems) = preProject
		Local.testsettings = Local.testsettings
		SnesEmulator.vsmdi = SnesEmulator.vsmdi
		TraceAndTestImpact.testsettings = TraceAndTestImpact.testsettings
	EndProjectSection
EndProject
Global
	GlobalSection(TestCaseManagementSettings) = postSolution
		CategoryFile = SnesEmulator.vsmdi
	EndGlobalSection
	GlobalSection(SolutionConfigurationPlatforms) = preSolution
		Debug|Any CPU = Debug|Any CPU
		Debug|Mixed Platforms = Debug|Mixed Platforms
		Debug|Win32 = Debug|Win32
		Debug|x86 = Debug|x86
		Release|Any CPU = Release|Any CPU
		Release|Mixed Platforms = Release|Mixed Platforms
		Release|Win32 = Release|Win32
		Release|x86 = Release|x86
	EndGlobalSection
	GlobalSection(ProjectConfigurationPlatforms) = postSolution
		{E566C5A0-6D70-4CEA-B2E7-967D4EB2F1AB}.Debug|Any CPU.ActiveCfg = Debug|x86
		{E566C5A0-6D70-4CEA-B2E7-967D4EB2F1AB}.Debug|Mixed Platforms.ActiveCfg = Debug|x86
		{E566C5A0-6D70-4CEA-B2E7-967D4EB2F1AB}.Debug|Mixed Platforms.Build.0 = Debug|x86
		{E566C5A0-6D70-4CEA-B2E7-967D4EB2F1AB}.Debug|Win32.ActiveCfg = Debug|x86
		{E566C5A0-6D70-4CEA-B2E7-967D4EB2F1AB}.Debug|x86.ActiveCfg = Debug|x86
		{E566C5A0-6D70-4CEA-B2E7-967D4EB2F1AB}.Debug|x86.Build.0 = Debug|x86
		{E566C5A0-6D70-4CEA-B2E7-967D4EB2F1AB}.Release|Any CPU.ActiveCfg = Release|x86
		{E566C5A0-6D70-4CEA-B2E7-967D4EB2F1AB}.Release|Mixed Platforms.ActiveCfg = Release|x86
		{E566C5A0-6D70-4CEA-B2E7-967D4EB2F1AB}.Release|Mixed Platforms.Build.0 = Release|x86
		{E566C5A0-6D70-4CEA-B2E7-967D4EB2F1AB}.Release|Win32.ActiveCfg = Release|x86
		{E566C5A0-6D70-4CEA-B2E7-967D4EB2F1AB}.Release|x86.ActiveCfg = Release|x86
		{E566C5A0-6D70-4CEA-B2E7-967D4EB2F1AB}.Release|x86.Build.0 = Release|x86
		{D769B293-D410-429F-9458-47DAE3325732}.Debug|Any CPU.ActiveCfg = Debug|Any CPU
		{D769B293-D410-429F-9458-47DAE3325732}.Debug|Any CPU.Build.0 = Debug|Any CPU
		{D769B293-D410-429F-9458-47DAE3325732}.Debug|Mixed Platforms.ActiveCfg = Debug|Any CPU
		{D769B293-D410-429F-9458-47DAE3325732}.Debug|Mixed Platforms.Build.0 = Debug|Any CPU
		{D769B293-D410-429F-9458-47DAE3325732}.Debug|Win32.ActiveCfg = Debug|Any CPU
		{D769B293-D410-429F-9458-47DAE3325732}.Debug|x86.ActiveCfg = Debug|Any CPU
		{D769B293-D410-429F-9458-47DAE3325732}.Release|Any CPU.ActiveCfg = Release|Any CPU
		{D769B293-D410-429F-9458-47DAE3325732}.Release|Any CPU.Build.0 = Release|Any CPU
		{D769B293-D410-429F-9458-47DAE3325732}.Release|Mixed Platforms.ActiveCfg = Release|Any CPU
		{D769B293-D410-429F-9458-47DAE3325732}.Release|Mixed Platforms.Build.0 = Release|Any CPU
		{D769B293-D410-429F-9458-47DAE3325732}.Release|Win32.ActiveCfg = Release|Any CPU
		{D769B293-D410-429F-9458-47DAE3325732}.Release|x86.ActiveCfg = Release|Any CPU
		{1EF880CE-8E81-4283-B3C1-3D13E73B88D8}.Debug|Any CPU.ActiveCfg = Debug|Any CPU
		{1EF880CE-8E81-4283-B3C1-3D13E73B88D8}.Debug|Any CPU.Build.0 = Debug|Any CPU
		{1EF880CE-8E81-4283-B3C1-3D13E73B88D8}.Debug|Mixed Platforms.ActiveCfg = Debug|Any CPU
		{1EF880CE-8E81-4283-B3C1-3D13E73B88D8}.Debug|Mixed Platforms.Build.0 = Debug|Any CPU
		{1EF880CE-8E81-4283-B3C1-3D13E73B88D8}.Debug|Win32.ActiveCfg = Debug|Any CPU
		{1EF880CE-8E81-4283-B3C1-3D13E73B88D8}.Debug|x86.ActiveCfg = Debug|Any CPU
		{1EF880CE-8E81-4283-B3C1-3D13E73B88D8}.Release|Any CPU.ActiveCfg = Release|Any CPU
		{1EF880CE-8E81-4283-B3C1-3D13E73B88D8}.Release|Any CPU.Build.0 = Release|Any CPU
		{1EF880CE-8E81-4283-B3C1-3D13E73B88D8}.Release|Mixed Platforms.ActiveCfg = Release|Any CPU
		{1EF880CE-8E81-4283-B3C1-3D13E73B88D8}.Release|Mixed Platforms.Build.0 = Release|Any CPU
		{1EF880CE-8E81-4283-B3C1-3D13E73B88D8}.Release|Win32.ActiveCfg = Release|Any CPU
		{1EF880CE-8E81-4283-B3C1-3D13E73B88D8}.Release|x86.ActiveCfg = Release|Any CPU
		{CE8B5E3B-DED3-4A13-9D1E-3E4176514CE9}.Debug|Any CPU.ActiveCfg = Debug|Any CPU
		{CE8B5E3B-DED3-4A13-9D1E-3E4176514CE9}.Debug|Any CPU.Build.0 = Debug|Any CPU
		{CE8B5E3B-DED3-4A13-9D1E-3E4176514CE9}.Debug|Mixed Platforms.ActiveCfg = Debug|Any CPU
		{CE8B5E3B-DED3-4A13-9D1E-3E4176514CE9}.Debug|Mixed Platforms.Build.0 = Debug|Any CPU
		{CE8B5E3B-DED3-4A13-9D1E-3E4176514CE9}.Debug|Win32.ActiveCfg = Debug|Any CPU
		{CE8B5E3B-DED3-4A13-9D1E-3E4176514CE9}.Debug|x86.ActiveCfg = Debug|Any CPU
		{CE8B5E3B-DED3-4A13-9D1E-3E4176514CE9}.Release|Any CPU.ActiveCfg = Release|Any CPU
		{CE8B5E3B-DED3-4A13-9D1E-3E4176514CE9}.Release|Any CPU.Build.0 = Release|Any CPU
		{CE8B5E3B-DED3-4A13-9D1E-3E4176514CE9}.Release|Mixed Platforms.ActiveCfg = Release|Any CPU
		{CE8B5E3B-DED3-4A13-9D1E-3E4176514CE9}.Release|Mixed Platforms.Build.0 = Release|Any CPU
		{CE8B5E3B-DED3-4A13-9D1E-3E4176514CE9}.Release|Win32.ActiveCfg = Release|Any CPU
		{CE8B5E3B-DED3-4A13-9D1E-3E4176514CE9}.Release|x86.ActiveCfg = Release|Any CPU
		{454F2E7C-D50A-45FF-8127-55A3DFC1D6EB}.Debug|Any CPU.ActiveCfg = Debug|Any CPU
		{454F2E7C-D50A-45FF-8127-55A3DFC1D6EB}.Debug|Any CPU.Build.0 = Debug|Any CPU
		{454F2E7C-D50A-45FF-8127-55A3DFC1D6EB}.Debug|Mixed Platforms.ActiveCfg = Debug|Any CPU
		{454F2E7C-D50A-45FF-8127-55A3DFC1D6EB}.Debug|Mixed Platforms.Build.0 = Debug|Any CPU
		{454F2E7C-D50A-45FF-8127-55A3DFC1D6EB}.Debug|Win32.ActiveCfg = Debug|Any CPU
		{454F2E7C-D50A-45FF-8127-55A3DFC1D6EB}.Debug|x86.ActiveCfg = Debug|Any CPU
		{454F2E7C-D50A-45FF-8127-55A3DFC1D6EB}.Release|Any CPU.ActiveCfg = Release|Any CPU
		{454F2E7C-D50A-45FF-8127-55A3DFC1D6EB}.Release|Any CPU.Build.0 = Release|Any CPU
		{454F2E7C-D50A-45FF-8127-55A3DFC1D6EB}.Release|Mixed Platforms.ActiveCfg = Release|Any CPU
		{454F2E7C-D50A-45FF-8127-55A3DFC1D6EB}.Release|Mixed Platforms.Build.0 = Release|Any CPU
		{454F2E7C-D50A-45FF-8127-55A3DFC1D6EB}.Release|Win32.ActiveCfg = Release|Any CPU
		{454F2E7C-D50A-45FF-8127-55A3DFC1D6EB}.Release|x86.ActiveCfg = Release|Any CPU
	EndGlobalSection
	GlobalSection(SolutionProperties) = preSolution
		HideSolutionNode = FALSE
	EndGlobalSection
EndGlobal
